
Microsoft Visual Studio Solution File, Format Version 12.00
# Visual Studio Version 16
VisualStudioVersion = 16.0.30011.22
MinimumVisualStudioVersion = 10.0.40219.1
Project("{FAE04EC0-301F-11D3-BF4B-00C04F79EFBC}") = "Leave-Management", "Leave-Management\Leave-Management.csproj", "{2AA78C7D-F97D-4CA3-84EB-D1E2A68BD440}"
EndProject
Global
	GlobalSection(SolutionConfigurationPlatforms) = preSolution
		Debug|Any CPU = Debug|Any CPU
		Release|Any CPU = Release|Any CPU
	EndGlobalSection
	GlobalSection(ProjectConfigurationPlatforms) = postSolution
		{2AA78C7D-F97D-4CA3-84EB-D1E2A68BD440}.Debug|Any CPU.ActiveCfg = Debug|Any CPU
		{2AA78C7D-F97D-4CA3-84EB-D1E2A68BD440}.Debug|Any CPU.Build.0 = Debug|Any CPU
		{2AA78C7D-F97D-4CA3-84EB-D1E2A68BD440}.Release|Any CPU.ActiveCfg = Release|Any CPU
		{2AA78C7D-F97D-4CA3-84EB-D1E2A68BD440}.Release|Any CPU.Build.0 = Release|Any CPU
	EndGlobalSection
	GlobalSection(SolutionProperties) = preSolution
		HideSolutionNode = FALSE
	EndGlobalSection
	GlobalSection(ExtensibilityGlobals) = postSolution
		SolutionGuid = {144FFF56-D4C3-4D06-A456-A3E9661E587E}
	EndGlobalSection
EndGlobal
